// !$*UTF8*$!
{
	archiveVersion = 1;
	classes = {
	};
	objectVersion = 46;
	objects = {

/* Begin PBXBuildFile section */
		EE632B021EC273B800AE5FD4 /* AppDelegate.swift in Sources */ = {isa = PBXBuildFile; fileRef = EE632B011EC273B800AE5FD4 /* AppDelegate.swift */; };
		EE632B041EC273B800AE5FD4 /* ViewController.swift in Sources */ = {isa = PBXBuildFile; fileRef = EE632B031EC273B800AE5FD4 /* ViewController.swift */; };
		EE632B071EC273B800AE5FD4 /* Main.storyboard in Resources */ = {isa = PBXBuildFile; fileRef = EE632B051EC273B800AE5FD4 /* Main.storyboard */; };
		EE632B091EC273B800AE5FD4 /* Assets.xcassets in Resources */ = {isa = PBXBuildFile; fileRef = EE632B081EC273B800AE5FD4 /* Assets.xcassets */; };
		EE632B0C1EC273B800AE5FD4 /* LaunchScreen.storyboard in Resources */ = {isa = PBXBuildFile; fileRef = EE632B0A1EC273B800AE5FD4 /* LaunchScreen.storyboard */; };
		EE632B141EC2914F00AE5FD4 /* Minecrafter.Reg.ttf in Resources */ = {isa = PBXBuildFile; fileRef = EE632B131EC2914F00AE5FD4 /* Minecrafter.Reg.ttf */; };
/* End PBXBuildFile section */

/* Begin PBXFileReference section */
		EE632AFE1EC273B800AE5FD4 /* RetroCalculator.app */ = {isa = PBXFileReference; explicitFileType = wrapper.application; includeInIndex = 0; path = RetroCalculator.app; sourceTree = BUILT_PRODUCTS_DIR; };
		EE632B011EC273B800AE5FD4 /* AppDelegate.swift */ = {isa = PBXFileReference; lastKnownFileType = sourcecode.swift; path = AppDelegate.swift; sourceTree = "<group>"; };
		EE632B031EC273B800AE5FD4 /* ViewController.swift */ = {isa = PBXFileReference; lastKnownFileType = sourcecode.swift; path = ViewController.swift; sourceTree = "<group>"; };
		EE632B061EC273B800AE5FD4 /* Base */ = {isa = PBXFileReference; lastKnownFileType = file.storyboard; name = Base; path = Base.lproj/Main.storyboard; sourceTree = "<group>"; };
		EE632B081EC273B800AE5FD4 /* Assets.xcassets */ = {isa = PBXFileReference; lastKnownFileType = folder.assetcatalog; path = Assets.xcassets; sourceTree = "<group>"; };
		EE632B0B1EC273B800AE5FD4 /* Base */ = {isa = PBXFileReference; lastKnownFileType = file.storyboard; name = Base; path = Base.lproj/LaunchScreen.storyboard; sourceTree = "<group>"; };
		EE632B0D1EC273B800AE5FD4 /* Info.plist */ = {isa = PBXFileReference; lastKnownFileType = text.plist.xml; path = Info.plist; sourceTree = "<group>"; };
		EE632B131EC2914F00AE5FD4 /* Minecrafter.Reg.ttf */ = {isa = PBXFileReference; lastKnownFileType = file; path = Minecrafter.Reg.ttf; sourceTree = "<group>"; };
/* End PBXFileReference section */

/* Begin PBXFrameworksBuildPhase section */
		EE632AFB1EC273B800AE5FD4 /* Frameworks */ = {
			isa = PBXFrameworksBuildPhase;
			buildActionMask = 2147483647;
			files = (
			);
			runOnlyForDeploymentPostprocessing = 0;
		};
/* End PBXFrameworksBuildPhase section */

/* Begin PBXGroup section */
		EE632AF51EC273B800AE5FD4 = {
			isa = PBXGroup;
			children = (
				EE632B001EC273B800AE5FD4 /* RetroCalculator */,
				EE632AFF1EC273B800AE5FD4 /* Products */,
			);
			sourceTree = "<group>";
		};
		EE632AFF1EC273B800AE5FD4 /* Products */ = {
			isa = PBXGroup;
			children = (
				EE632AFE1EC273B800AE5FD4 /* RetroCalculator.app */,
			);
			name = Products;
			sourceTree = "<group>";
		};
		EE632B001EC273B800AE5FD4 /* RetroCalculator */ = {
			isa = PBXGroup;
			children = (
				EE632B131EC2914F00AE5FD4 /* Minecrafter.Reg.ttf */,
				EE632B011EC273B800AE5FD4 /* AppDelegate.swift */,
				EE632B031EC273B800AE5FD4 /* ViewController.swift */,
				EE632B051EC273B800AE5FD4 /* Main.storyboard */,
				EE632B081EC273B800AE5FD4 /* Assets.xcassets */,
				EE632B0A1EC273B800AE5FD4 /* LaunchScreen.storyboard */,
				EE632B0D1EC273B800AE5FD4 /* Info.plist */,
			);
			path = RetroCalculator;
			sourceTree = "<group>";
		};
/* End PBXGroup section */

/* Begin PBXNativeTarget section */
		EE632AFD1EC273B800AE5FD4 /* RetroCalculator */ = {
			isa = PBXNativeTarget;
			buildConfigurationList = EE632B101EC273B800AE5FD4 /* Build configuration list for PBXNativeTarget "RetroCalculator" */;
			buildPhases = (
				EE632AFA1EC273B800AE5FD4 /* Sources */,
				EE632AFB1EC273B800AE5FD4 /* Frameworks */,
				EE632AFC1EC273B800AE5FD4 /* Resources */,
			);
			buildRules = (
			);
			dependencies = (
			);
			name = RetroCalculator;
			productName = RetroCalculator;
			productReference = EE632AFE1EC273B800AE5FD4 /* RetroCalculator.app */;
			productType = "com.apple.product-type.application";
		};
/* End PBXNativeTarget section */

/* Begin PBXProject section */
		EE632AF61EC273B800AE5FD4 /* Project object */ = {
			isa = PBXProject;
			attributes = {
				LastSwiftUpdateCheck = 0830;
				LastUpgradeCheck = 0830;
				ORGANIZATIONNAME = "Matt Tripodi";
				TargetAttributes = {
					EE632AFD1EC273B800AE5FD4 = {
						CreatedOnToolsVersion = 8.3.2;
						DevelopmentTeam = VJQVDWQ9VC;
						ProvisioningStyle = Automatic;
					};
				};
			};
			buildConfigurationList = EE632AF91EC273B800AE5FD4 /* Build configuration list for PBXProject "RetroCalculator" */;
			compatibilityVersion = "Xcode 3.2";
			developmentRegion = English;
			hasScannedForEncodings = 0;
			knownRegions = (
				en,
				Base,
			);
			mainGroup = EE632AF51EC273B800AE5FD4;
			productRefGroup = EE632AFF1EC273B800AE5FD4 /* Products */;
			projectDirPath = "";
			projectRoot = "";
			targets = (
				EE632AFD1EC273B800AE5FD4 /* RetroCalculator */,
			);
		};
/* End PBXProject section */

/* Begin PBXResourcesBuildPhase section */
		EE632AFC1EC273B800AE5FD4 /* Resources */ = {
			isa = PBXResourcesBuildPhase;
			buildActionMask = 2147483647;
			files = (
				EE632B0C1EC273B800AE5FD4 /* LaunchScreen.storyboard in Resources */,
				EE632B091EC273B800AE5FD4 /* Assets.xcassets in Resources */,
				EE632B071EC273B800AE5FD4 /* Main.storyboard in Resources */,
				EE632B141EC2914F00AE5FD4 /* Minecrafter.Reg.ttf in Resources */,
			);
			runOnlyForDeploymentPostprocessing = 0;
		};
/* End PBXResourcesBuildPhase section */

/* Begin PBXSourcesBuildPhase section */
		EE632AFA1EC273B800AE5FD4 /* Sources */ = {
			isa = PBXSourcesBuildPhase;
			buildActionMask = 2147483647;
			files = (
				EE632B041EC273B800AE5FD4 /* ViewController.swift in Sources */,
				EE632B021EC273B800AE5FD4 /* AppDelegate.swift in Sources */,
			);
			runOnlyForDeploymentPostprocessing = 0;
		};
/* End PBXSourcesBuildPhase section */

/* Begin PBXVariantGroup section */
		EE632B051EC273B800AE5FD4 /* Main.storyboard */ = {
			isa = PBXVariantGroup;
			children = (
				EE632B061EC273B800AE5FD4 /* Base */,
			);
			name = Main.storyboard;
			sourceTree = "<group>";
		};
		EE632B0A1EC273B800AE5FD4 /* LaunchScreen.storyboard */ = {
			isa = PBXVariantGroup;
			children = (
				EE632B0B1EC273B800AE5FD4 /* Base */,
			);
			name = LaunchScreen.storyboard;
			sourceTree = "<group>";
		};
/* End PBXVariantGroup section */

/* Begin XCBuildConfiguration section */
		EE632B0E1EC273B800AE5FD4 /* Debug */ = {
			isa = XCBuildConfiguration;
			buildSettings = {
				ALWAYS_SEARCH_USER_PATHS = NO;
				CLANG_ANALYZER_NONNULL = YES;
				CLANG_ANALYZER_NUMBER_OBJECT_CONVERSION = YES_AGGRESSIVE;
				CLANG_CXX_LANGUAGE_STANDARD = "gnu++0x";
				CLANG_CXX_LIBRARY = "libc++";
				CLANG_ENABLE_MODULES = YES;
				CLANG_ENABLE_OBJC_ARC = YES;
				CLANG_WARN_BOOL_CONVERSION = YES;
				CLANG_WARN_CONSTANT_CONVERSION = YES;
				CLANG_WARN_DIRECT_OBJC_ISA_USAGE = YES_ERROR;
				CLANG_WARN_DOCUMENTATION_COMMENTS = YES;
				CLANG_WARN_EMPTY_BODY = YES;
				CLANG_WARN_ENUM_CONVERSION = YES;
				CLANG_WARN_INFINITE_RECURSION = YES;
				CLANG_WARN_INT_CONVERSION = YES;
				CLANG_WARN_OBJC_ROOT_CLASS = YES_ERROR;
				CLANG_WARN_SUSPICIOUS_MOVE = YES;
				CLANG_WARN_UNREACHABLE_CODE = YES;
				CLANG_WARN__DUPLICATE_METHOD_MATCH = YES;
				"CODE_SIGN_IDENTITY[sdk=iphoneos*]" = "iPhone Developer";
				COPY_PHASE_STRIP = NO;
				DEBUG_INFORMATION_FORMAT = dwarf;
				ENABLE_STRICT_OBJC_MSGSEND = YES;
				ENABLE_TESTABILITY = YES;
				GCC_C_LANGUAGE_STANDARD = gnu99;
				GCC_DYNAMIC_NO_PIC = NO;
				GCC_NO_COMMON_BLOCKS = YES;
				GCC_OPTIMIZATION_LEVEL = 0;
				GCC_PREPROCESSOR_DEFINITIONS = (
					"DEBUG=1",
					"$(inherited)",
				);
				GCC_WARN_64_TO_32_BIT_CONVERSION = YES;
				GCC_WARN_ABOUT_RETURN_TYPE = YES_ERROR;
				GCC_WARN_UNDECLARED_SELECTOR = YES;
				GCC_WARN_UNINITIALIZED_AUTOS = YES_AGGRESSIVE;
				GCC_WARN_UNUSED_FUNCTION = YES;
				GCC_WARN_UNUSED_VARIABLE = YES;
				IPHONEOS_DEPLOYMENT_TARGET = 10.3;
				MTL_ENABLE_DEBUG_INFO = YES;
				ONLY_ACTIVE_ARCH = YES;
				SDKROOT = iphoneos;
				SWIFT_ACTIVE_COMPILATION_CONDITIONS = DEBUG;
				SWIFT_OPTIMIZATION_LEVEL = "-Onone";
				TARGETED_DEVICE_FAMILY = "1,2";
			};
			name = Debug;
		};
		EE632B0F1EC273B800AE5FD4 /* Release */ = {
			isa = XCBuildConfiguration;
			buildSettings = {
				ALWAYS_SEARCH_USER_PATHS = NO;
				CLANG_ANALYZER_NONNULL = YES;
				CLANG_ANALYZER_NUMBER_OBJECT_CONVERSION = YES_AGGRESSIVE;
				CLANG_CXX_LANGUAGE_STANDARD = "gnu++0x";
				CLANG_CXX_LIBRARY = "libc++";
				CLANG_ENABLE_MODULES = YES;
				CLANG_ENABLE_OBJC_ARC = YES;
				CLANG_WARN_BOOL_CONVERSION = YES;
				CLANG_WARN_CONSTANT_CONVERSION = YES;
				CLANG_WARN_DIRECT_OBJC_ISA_USAGE = YES_ERROR;
				CLANG_WARN_DOCUMENTATION_COMMENTS = YES;
				CLANG_WARN_EMPTY_BODY = YES;
				CLANG_WARN_ENUM_CONVERSION = YES;
				CLANG_WARN_INFINITE_RECURSION = YES;
				CLANG_WARN_INT_CONVERSION = YES;
				CLANG_WARN_OBJC_ROOT_CLASS = YES_ERROR;
				CLANG_WARN_SUSPICIOUS_MOVE = YES;
				CLANG_WARN_UNREACHABLE_CODE = YES;
				CLANG_WARN__DUPLICATE_METHOD_MATCH = YES;
				"CODE_SIGN_IDENTITY[sdk=iphoneos*]" = "iPhone Developer";
				COPY_PHASE_STRIP = NO;
				DEBUG_INFORMATION_FORMAT = "dwarf-with-dsym";
				ENABLE_NS_ASSERTIONS = NO;
				ENABLE_STRICT_OBJC_MSGSEND = YES;
				GCC_C_LANGUAGE_STANDARD = gnu99;
				GCC_NO_COMMON_BLOCKS = YES;
				GCC_WARN_64_TO_32_BIT_CONVERSION = YES;
				GCC_WARN_ABOUT_RETURN_TYPE = YES_ERROR;
				GCC_WARN_UNDECLARED_SELECTOR = YES;
				GCC_WARN_UNINITIALIZED_AUTOS = YES_AGGRESSIVE;
				GCC_WARN_UNUSED_FUNCTION = YES;
				GCC_WARN_UNUSED_VARIABLE = YES;
				IPHONEOS_DEPLOYMENT_TARGET = 10.3;
				MTL_ENABLE_DEBUG_INFO = NO;
				SDKROOT = iphoneos;
				SWIFT_OPTIMIZATION_LEVEL = "-Owholemodule";
				TARGETED_DEVICE_FAMILY = "1,2";
				VALIDATE_PRODUCT = YES;
			};
			name = Release;
		};
		EE632B111EC273B800AE5FD4 /* Debug */ = {
			isa = XCBuildConfiguration;
			buildSettings = {
				ASSETCATALOG_COMPILER_APPICON_NAME = AppIcon;
				DEVELOPMENT_TEAM = VJQVDWQ9VC;
				INFOPLIST_FILE = RetroCalculator/Info.plist;
				LD_RUNPATH_SEARCH_PATHS = "$(inherited) @executable_path/Frameworks";
				PRODUCT_BUNDLE_IDENTIFIER = com.matttripodi.RetroCalculator;
				PRODUCT_NAME = "$(TARGET_NAME)";
				SWIFT_VERSION = 3.0;
			};
			name = Debug;
		};
		EE632B121EC273B800AE5FD4 /* Release */ = {
			isa = XCBuildConfiguration;
			buildSettings = {
				ASSETCATALOG_COMPILER_APPICON_NAME = AppIcon;
				DEVELOPMENT_TEAM = VJQVDWQ9VC;
				INFOPLIST_FILE = RetroCalculator/Info.plist;
				LD_RUNPATH_SEARCH_PATHS = "$(inherited) @executable_path/Frameworks";
				PRODUCT_BUNDLE_IDENTIFIER = com.matttripodi.RetroCalculator;
				PRODUCT_NAME = "$(TARGET_NAME)";
				SWIFT_VERSION = 3.0;
			};
			name = Release;
		};
/* End XCBuildConfiguration section */

/* Begin XCConfigurationList section */
		EE632AF91EC273B800AE5FD4 /* Build configuration list for PBXProject "RetroCalculator" */ = {
			isa = XCConfigurationList;
			buildConfigurations = (
				EE632B0E1EC273B800AE5FD4 /* Debug */,
				EE632B0F1EC273B800AE5FD4 /* Release */,
			);
			defaultConfigurationIsVisible = 0;
			defaultConfigurationName = Release;
		};
		EE632B101EC273B800AE5FD4 /* Build configuration list for PBXNativeTarget "RetroCalculator" */ = {
			isa = XCConfigurationList;
			buildConfigurations = (
				EE632B111EC273B800AE5FD4 /* Debug */,
				EE632B121EC273B800AE5FD4 /* Release */,
			);
			defaultConfigurationIsVisible = 0;
		};
/* End XCConfigurationList section */
	};
	rootObject = EE632AF61EC273B800AE5FD4 /* Project object */;
}
